
Microsoft Visual Studio Solution File, Format Version 12.00
# Visual Studio Version 16
VisualStudioVersion = 16.0.32510.428
MinimumVisualStudioVersion = 10.0.40219.1
Project("{FAE04EC0-301F-11D3-BF4B-00C04F79EFBC}") = "智能投放口", "智能投放口.csproj", "{6285D601-CCD1-4E23-8AAC-3A459E4888B2}"
EndProject
Global
	GlobalSection(SolutionConfigurationPlatforms) = preSolution
		Debug|Any CPU = Debug|Any CPU
		Release|Any CPU = Release|Any CPU
	EndGlobalSection
	GlobalSection(ProjectConfigurationPlatforms) = postSolution
		{6285D601-CCD1-4E23-8AAC-3A459E4888B2}.Debug|Any CPU.ActiveCfg = Debug|Any CPU
		{6285D601-CCD1-4E23-8AAC-3A459E4888B2}.Debug|Any CPU.Build.0 = Debug|Any CPU
		{6285D601-CCD1-4E23-8AAC-3A459E4888B2}.Release|Any CPU.ActiveCfg = Release|Any CPU
		{6285D601-CCD1-4E23-8AAC-3A459E4888B2}.Release|Any CPU.Build.0 = Release|Any CPU
	EndGlobalSection
	GlobalSection(SolutionProperties) = preSolution
		HideSolutionNode = FALSE
	EndGlobalSection
	GlobalSection(ExtensibilityGlobals) = postSolution
		SolutionGuid = {623AE892-747C-48AA-8F3B-0D9999F518EB}
	EndGlobalSection
EndGlobal
